// !$*UTF8*$!
{
	archiveVersion = 1;
	classes = {
	};
	objectVersion = 56;
	objects = {

/* Begin PBXBuildFile section */
		CA08C08528FED37300B002C6 /* MonalisaApp.swift in Sources */ = {isa = PBXBuildFile; fileRef = CA08C08428FED37300B002C6 /* MonalisaApp.swift */; };
		CA08C08728FED37300B002C6 /* ContentView.swift in Sources */ = {isa = PBXBuildFile; fileRef = CA08C08628FED37300B002C6 /* ContentView.swift */; };
		CA08C08928FED37500B002C6 /* Assets.xcassets in Resources */ = {isa = PBXBuildFile; fileRef = CA08C08828FED37500B002C6 /* Assets.xcassets */; };
		CA08C08C28FED37500B002C6 /* Preview Assets.xcassets in Resources */ = {isa = PBXBuildFile; fileRef = CA08C08B28FED37500B002C6 /* Preview Assets.xcassets */; };
		CA08C09628FED37500B002C6 /* MonalisaTests.swift in Sources */ = {isa = PBXBuildFile; fileRef = CA08C09528FED37500B002C6 /* MonalisaTests.swift */; };
		CA08C0A028FED37500B002C6 /* MonalisaUITests.swift in Sources */ = {isa = PBXBuildFile; fileRef = CA08C09F28FED37500B002C6 /* MonalisaUITests.swift */; };
		CA08C0A228FED37500B002C6 /* MonalisaUITestsLaunchTests.swift in Sources */ = {isa = PBXBuildFile; fileRef = CA08C0A128FED37500B002C6 /* MonalisaUITestsLaunchTests.swift */; };
/* End PBXBuildFile section */

/* Begin PBXContainerItemProxy section */
		CA08C09228FED37500B002C6 /* PBXContainerItemProxy */ = {
			isa = PBXContainerItemProxy;
			containerPortal = CA08C07928FED37300B002C6 /* Project object */;
			proxyType = 1;
			remoteGlobalIDString = CA08C08028FED37300B002C6;
			remoteInfo = Monalisa;
		};
		CA08C09C28FED37500B002C6 /* PBXContainerItemProxy */ = {
			isa = PBXContainerItemProxy;
			containerPortal = CA08C07928FED37300B002C6 /* Project object */;
			proxyType = 1;
			remoteGlobalIDString = CA08C08028FED37300B002C6;
			remoteInfo = Monalisa;
		};
/* End PBXContainerItemProxy section */

/* Begin PBXFileReference section */
		CA08C08128FED37300B002C6 /* Monalisa.app */ = {isa = PBXFileReference; explicitFileType = wrapper.application; includeInIndex = 0; path = Monalisa.app; sourceTree = BUILT_PRODUCTS_DIR; };
		CA08C08428FED37300B002C6 /* MonalisaApp.swift */ = {isa = PBXFileReference; lastKnownFileType = sourcecode.swift; path = MonalisaApp.swift; sourceTree = "<group>"; };
		CA08C08628FED37300B002C6 /* ContentView.swift */ = {isa = PBXFileReference; lastKnownFileType = sourcecode.swift; path = ContentView.swift; sourceTree = "<group>"; };
		CA08C08828FED37500B002C6 /* Assets.xcassets */ = {isa = PBXFileReference; lastKnownFileType = folder.assetcatalog; path = Assets.xcassets; sourceTree = "<group>"; };
		CA08C08B28FED37500B002C6 /* Preview Assets.xcassets */ = {isa = PBXFileReference; lastKnownFileType = folder.assetcatalog; path = "Preview Assets.xcassets"; sourceTree = "<group>"; };
		CA08C09128FED37500B002C6 /* MonalisaTests.xctest */ = {isa = PBXFileReference; explicitFileType = wrapper.cfbundle; includeInIndex = 0; path = MonalisaTests.xctest; sourceTree = BUILT_PRODUCTS_DIR; };
		CA08C09528FED37500B002C6 /* MonalisaTests.swift */ = {isa = PBXFileReference; lastKnownFileType = sourcecode.swift; path = MonalisaTests.swift; sourceTree = "<group>"; };
		CA08C09B28FED37500B002C6 /* MonalisaUITests.xctest */ = {isa = PBXFileReference; explicitFileType = wrapper.cfbundle; includeInIndex = 0; path = MonalisaUITests.xctest; sourceTree = BUILT_PRODUCTS_DIR; };
		CA08C09F28FED37500B002C6 /* MonalisaUITests.swift */ = {isa = PBXFileReference; lastKnownFileType = sourcecode.swift; path = MonalisaUITests.swift; sourceTree = "<group>"; };
		CA08C0A128FED37500B002C6 /* MonalisaUITestsLaunchTests.swift */ = {isa = PBXFileReference; lastKnownFileType = sourcecode.swift; path = MonalisaUITestsLaunchTests.swift; sourceTree = "<group>"; };
/* End PBXFileReference section */

/* Begin PBXFrameworksBuildPhase section */
		CA08C07E28FED37300B002C6 /* Frameworks */ = {
			isa = PBXFrameworksBuildPhase;
			buildActionMask = 2147483647;
			files = (
			);
			runOnlyForDeploymentPostprocessing = 0;
		};
		CA08C08E28FED37500B002C6 /* Frameworks */ = {
			isa = PBXFrameworksBuildPhase;
			buildActionMask = 2147483647;
			files = (
			);
			runOnlyForDeploymentPostprocessing = 0;
		};
		CA08C09828FED37500B002C6 /* Frameworks */ = {
			isa = PBXFrameworksBuildPhase;
			buildActionMask = 2147483647;
			files = (
			);
			runOnlyForDeploymentPostprocessing = 0;
		};
/* End PBXFrameworksBuildPhase section */

/* Begin PBXGroup section */
		CA08C07828FED37300B002C6 = {
			isa = PBXGroup;
			children = (
				CA08C08328FED37300B002C6 /* Monalisa */,
				CA08C09428FED37500B002C6 /* MonalisaTests */,
				CA08C09E28FED37500B002C6 /* MonalisaUITests */,
				CA08C08228FED37300B002C6 /* Products */,
			);
			sourceTree = "<group>";
		};
		CA08C08228FED37300B002C6 /* Products */ = {
			isa = PBXGroup;
			children = (
				CA08C08128FED37300B002C6 /* Monalisa.app */,
				CA08C09128FED37500B002C6 /* MonalisaTests.xctest */,
				CA08C09B28FED37500B002C6 /* MonalisaUITests.xctest */,
			);
			name = Products;
			sourceTree = "<group>";
		};
		CA08C08328FED37300B002C6 /* Monalisa */ = {
			isa = PBXGroup;
			children = (
				CA08C08428FED37300B002C6 /* MonalisaApp.swift */,
				CA08C08628FED37300B002C6 /* ContentView.swift */,
				CA08C08828FED37500B002C6 /* Assets.xcassets */,
				CA08C08A28FED37500B002C6 /* Preview Content */,
			);
			path = Monalisa;
			sourceTree = "<group>";
		};
		CA08C08A28FED37500B002C6 /* Preview Content */ = {
			isa = PBXGroup;
			children = (
				CA08C08B28FED37500B002C6 /* Preview Assets.xcassets */,
			);
			path = "Preview Content";
			sourceTree = "<group>";
		};
		CA08C09428FED37500B002C6 /* MonalisaTests */ = {
			isa = PBXGroup;
			children = (
				CA08C09528FED37500B002C6 /* MonalisaTests.swift */,
			);
			path = MonalisaTests;
			sourceTree = "<group>";
		};
		CA08C09E28FED37500B002C6 /* MonalisaUITests */ = {
			isa = PBXGroup;
			children = (
				CA08C09F28FED37500B002C6 /* MonalisaUITests.swift */,
				CA08C0A128FED37500B002C6 /* MonalisaUITestsLaunchTests.swift */,
			);
			path = MonalisaUITests;
			sourceTree = "<group>";
		};
/* End PBXGroup section */

/* Begin PBXNativeTarget section */
		CA08C08028FED37300B002C6 /* Monalisa */ = {
			isa = PBXNativeTarget;
			buildConfigurationList = CA08C0A528FED37500B002C6 /* Build configuration list for PBXNativeTarget "Monalisa" */;
			buildPhases = (
				CA08C07D28FED37300B002C6 /* Sources */,
				CA08C07E28FED37300B002C6 /* Frameworks */,
				CA08C07F28FED37300B002C6 /* Resources */,
			);
			buildRules = (
			);
			dependencies = (
			);
			name = Monalisa;
			productName = Monalisa;
			productReference = CA08C08128FED37300B002C6 /* Monalisa.app */;
			productType = "com.apple.product-type.application";
		};
		CA08C09028FED37500B002C6 /* MonalisaTests */ = {
			isa = PBXNativeTarget;
			buildConfigurationList = CA08C0A828FED37500B002C6 /* Build configuration list for PBXNativeTarget "MonalisaTests" */;
			buildPhases = (
				CA08C08D28FED37500B002C6 /* Sources */,
				CA08C08E28FED37500B002C6 /* Frameworks */,
				CA08C08F28FED37500B002C6 /* Resources */,
			);
			buildRules = (
			);
			dependencies = (
				CA08C09328FED37500B002C6 /* PBXTargetDependency */,
			);
			name = MonalisaTests;
			productName = MonalisaTests;
			productReference = CA08C09128FED37500B002C6 /* MonalisaTests.xctest */;
			productType = "com.apple.product-type.bundle.unit-test";
		};
		CA08C09A28FED37500B002C6 /* MonalisaUITests */ = {
			isa = PBXNativeTarget;
			buildConfigurationList = CA08C0AB28FED37500B002C6 /* Build configuration list for PBXNativeTarget "MonalisaUITests" */;
			buildPhases = (
				CA08C09728FED37500B002C6 /* Sources */,
				CA08C09828FED37500B002C6 /* Frameworks */,
				CA08C09928FED37500B002C6 /* Resources */,
			);
			buildRules = (
			);
			dependencies = (
				CA08C09D28FED37500B002C6 /* PBXTargetDependency */,
			);
			name = MonalisaUITests;
			productName = MonalisaUITests;
			productReference = CA08C09B28FED37500B002C6 /* MonalisaUITests.xctest */;
			productType = "com.apple.product-type.bundle.ui-testing";
		};
/* End PBXNativeTarget section */

/* Begin PBXProject section */
		CA08C07928FED37300B002C6 /* Project object */ = {
			isa = PBXProject;
			attributes = {
				BuildIndependentTargetsInParallel = 1;
				LastSwiftUpdateCheck = 1400;
				LastUpgradeCheck = 1400;
				TargetAttributes = {
					CA08C08028FED37300B002C6 = {
						CreatedOnToolsVersion = 14.0.1;
					};
					CA08C09028FED37500B002C6 = {
						CreatedOnToolsVersion = 14.0.1;
						TestTargetID = CA08C08028FED37300B002C6;
					};
					CA08C09A28FED37500B002C6 = {
						CreatedOnToolsVersion = 14.0.1;
						TestTargetID = CA08C08028FED37300B002C6;
					};
				};
			};
			buildConfigurationList = CA08C07C28FED37300B002C6 /* Build configuration list for PBXProject "Monalisa" */;
			compatibilityVersion = "Xcode 14.0";
			developmentRegion = en;
			hasScannedForEncodings = 0;
			knownRegions = (
				en,
				Base,
			);
			mainGroup = CA08C07828FED37300B002C6;
			productRefGroup = CA08C08228FED37300B002C6 /* Products */;
			projectDirPath = "";
			projectRoot = "";
			targets = (
				CA08C08028FED37300B002C6 /* Monalisa */,
				CA08C09028FED37500B002C6 /* MonalisaTests */,
				CA08C09A28FED37500B002C6 /* MonalisaUITests */,
			);
		};
/* End PBXProject section */

/* Begin PBXResourcesBuildPhase section */
		CA08C07F28FED37300B002C6 /* Resources */ = {
			isa = PBXResourcesBuildPhase;
			buildActionMask = 2147483647;
			files = (
				CA08C08C28FED37500B002C6 /* Preview Assets.xcassets in Resources */,
				CA08C08928FED37500B002C6 /* Assets.xcassets in Resources */,
			);
			runOnlyForDeploymentPostprocessing = 0;
		};
		CA08C08F28FED37500B002C6 /* Resources */ = {
			isa = PBXResourcesBuildPhase;
			buildActionMask = 2147483647;
			files = (
			);
			runOnlyForDeploymentPostprocessing = 0;
		};
		CA08C09928FED37500B002C6 /* Resources */ = {
			isa = PBXResourcesBuildPhase;
			buildActionMask = 2147483647;
			files = (
			);
			runOnlyForDeploymentPostprocessing = 0;
		};
/* End PBXResourcesBuildPhase section */

/* Begin PBXSourcesBuildPhase section */
		CA08C07D28FED37300B002C6 /* Sources */ = {
			isa = PBXSourcesBuildPhase;
			buildActionMask = 2147483647;
			files = (
				CA08C08728FED37300B002C6 /* ContentView.swift in Sources */,
				CA08C08528FED37300B002C6 /* MonalisaApp.swift in Sources */,
			);
			runOnlyForDeploymentPostprocessing = 0;
		};
		CA08C08D28FED37500B002C6 /* Sources */ = {
			isa = PBXSourcesBuildPhase;
			buildActionMask = 2147483647;
			files = (
				CA08C09628FED37500B002C6 /* MonalisaTests.swift in Sources */,
			);
			runOnlyForDeploymentPostprocessing = 0;
		};
		CA08C09728FED37500B002C6 /* Sources */ = {
			isa = PBXSourcesBuildPhase;
			buildActionMask = 2147483647;
			files = (
				CA08C0A228FED37500B002C6 /* MonalisaUITestsLaunchTests.swift in Sources */,
				CA08C0A028FED37500B002C6 /* MonalisaUITests.swift in Sources */,
			);
			runOnlyForDeploymentPostprocessing = 0;
		};
/* End PBXSourcesBuildPhase section */

/* Begin PBXTargetDependency section */
		CA08C09328FED37500B002C6 /* PBXTargetDependency */ = {
			isa = PBXTargetDependency;
			target = CA08C08028FED37300B002C6 /* Monalisa */;
			targetProxy = CA08C09228FED37500B002C6 /* PBXContainerItemProxy */;
		};
		CA08C09D28FED37500B002C6 /* PBXTargetDependency */ = {
			isa = PBXTargetDependency;
			target = CA08C08028FED37300B002C6 /* Monalisa */;
			targetProxy = CA08C09C28FED37500B002C6 /* PBXContainerItemProxy */;
		};
/* End PBXTargetDependency section */

/* Begin XCBuildConfiguration section */
		CA08C0A328FED37500B002C6 /* Debug */ = {
			isa = XCBuildConfiguration;
			buildSettings = {
				ALWAYS_SEARCH_USER_PATHS = NO;
				CLANG_ANALYZER_NONNULL = YES;
				CLANG_ANALYZER_NUMBER_OBJECT_CONVERSION = YES_AGGRESSIVE;
				CLANG_CXX_LANGUAGE_STANDARD = "gnu++20";
				CLANG_ENABLE_MODULES = YES;
				CLANG_ENABLE_OBJC_ARC = YES;
				CLANG_ENABLE_OBJC_WEAK = YES;
				CLANG_WARN_BLOCK_CAPTURE_AUTORELEASING = YES;
				CLANG_WARN_BOOL_CONVERSION = YES;
				CLANG_WARN_COMMA = YES;
				CLANG_WARN_CONSTANT_CONVERSION = YES;
				CLANG_WARN_DEPRECATED_OBJC_IMPLEMENTATIONS = YES;
				CLANG_WARN_DIRECT_OBJC_ISA_USAGE = YES_ERROR;
				CLANG_WARN_DOCUMENTATION_COMMENTS = YES;
				CLANG_WARN_EMPTY_BODY = YES;
				CLANG_WARN_ENUM_CONVERSION = YES;
				CLANG_WARN_INFINITE_RECURSION = YES;
				CLANG_WARN_INT_CONVERSION = YES;
				CLANG_WARN_NON_LITERAL_NULL_CONVERSION = YES;
				CLANG_WARN_OBJC_IMPLICIT_RETAIN_SELF = YES;
				CLANG_WARN_OBJC_LITERAL_CONVERSION = YES;
				CLANG_WARN_OBJC_ROOT_CLASS = YES_ERROR;
				CLANG_WARN_QUOTED_INCLUDE_IN_FRAMEWORK_HEADER = YES;
				CLANG_WARN_RANGE_LOOP_ANALYSIS = YES;
				CLANG_WARN_STRICT_PROTOTYPES = YES;
				CLANG_WARN_SUSPICIOUS_MOVE = YES;
				CLANG_WARN_UNGUARDED_AVAILABILITY = YES_AGGRESSIVE;
				CLANG_WARN_UNREACHABLE_CODE = YES;
				CLANG_WARN__DUPLICATE_METHOD_MATCH = YES;
				COPY_PHASE_STRIP = NO;
				DEBUG_INFORMATION_FORMAT = dwarf;
				ENABLE_STRICT_OBJC_MSGSEND = YES;
				ENABLE_TESTABILITY = YES;
				GCC_C_LANGUAGE_STANDARD = gnu11;
				GCC_DYNAMIC_NO_PIC = NO;
				GCC_NO_COMMON_BLOCKS = YES;
				GCC_OPTIMIZATION_LEVEL = 0;
				GCC_PREPROCESSOR_DEFINITIONS = (
					"DEBUG=1",
					"$(inherited)",
				);
				GCC_WARN_64_TO_32_BIT_CONVERSION = YES;
				GCC_WARN_ABOUT_RETURN_TYPE = YES_ERROR;
				GCC_WARN_UNDECLARED_SELECTOR = YES;
				GCC_WARN_UNINITIALIZED_AUTOS = YES_AGGRESSIVE;
				GCC_WARN_UNUSED_FUNCTION = YES;
				GCC_WARN_UNUSED_VARIABLE = YES;
				IPHONEOS_DEPLOYMENT_TARGET = 16.0;
				MTL_ENABLE_DEBUG_INFO = INCLUDE_SOURCE;
				MTL_FAST_MATH = YES;
				ONLY_ACTIVE_ARCH = YES;
				SDKROOT = iphoneos;
				SWIFT_ACTIVE_COMPILATION_CONDITIONS = DEBUG;
				SWIFT_OPTIMIZATION_LEVEL = "-Onone";
			};
			name = Debug;
		};
		CA08C0A428FED37500B002C6 /* Release */ = {
			isa = XCBuildConfiguration;
			buildSettings = {
				ALWAYS_SEARCH_USER_PATHS = NO;
				CLANG_ANALYZER_NONNULL = YES;
				CLANG_ANALYZER_NUMBER_OBJECT_CONVERSION = YES_AGGRESSIVE;
				CLANG_CXX_LANGUAGE_STANDARD = "gnu++20";
				CLANG_ENABLE_MODULES = YES;
				CLANG_ENABLE_OBJC_ARC = YES;
				CLANG_ENABLE_OBJC_WEAK = YES;
				CLANG_WARN_BLOCK_CAPTURE_AUTORELEASING = YES;
				CLANG_WARN_BOOL_CONVERSION = YES;
				CLANG_WARN_COMMA = YES;
				CLANG_WARN_CONSTANT_CONVERSION = YES;
				CLANG_WARN_DEPRECATED_OBJC_IMPLEMENTATIONS = YES;
				CLANG_WARN_DIRECT_OBJC_ISA_USAGE = YES_ERROR;
				CLANG_WARN_DOCUMENTATION_COMMENTS = YES;
				CLANG_WARN_EMPTY_BODY = YES;
				CLANG_WARN_ENUM_CONVERSION = YES;
				CLANG_WARN_INFINITE_RECURSION = YES;
				CLANG_WARN_INT_CONVERSION = YES;
				CLANG_WARN_NON_LITERAL_NULL_CONVERSION = YES;
				CLANG_WARN_OBJC_IMPLICIT_RETAIN_SELF = YES;
				CLANG_WARN_OBJC_LITERAL_CONVERSION = YES;
				CLANG_WARN_OBJC_ROOT_CLASS = YES_ERROR;
				CLANG_WARN_QUOTED_INCLUDE_IN_FRAMEWORK_HEADER = YES;
				CLANG_WARN_RANGE_LOOP_ANALYSIS = YES;
				CLANG_WARN_STRICT_PROTOTYPES = YES;
				CLANG_WARN_SUSPICIOUS_MOVE = YES;
				CLANG_WARN_UNGUARDED_AVAILABILITY = YES_AGGRESSIVE;
				CLANG_WARN_UNREACHABLE_CODE = YES;
				CLANG_WARN__DUPLICATE_METHOD_MATCH = YES;
				COPY_PHASE_STRIP = NO;
				DEBUG_INFORMATION_FORMAT = "dwarf-with-dsym";
				ENABLE_NS_ASSERTIONS = NO;
				ENABLE_STRICT_OBJC_MSGSEND = YES;
				GCC_C_LANGUAGE_STANDARD = gnu11;
				GCC_NO_COMMON_BLOCKS = YES;
				GCC_WARN_64_TO_32_BIT_CONVERSION = YES;
				GCC_WARN_ABOUT_RETURN_TYPE = YES_ERROR;
				GCC_WARN_UNDECLARED_SELECTOR = YES;
				GCC_WARN_UNINITIALIZED_AUTOS = YES_AGGRESSIVE;
				GCC_WARN_UNUSED_FUNCTION = YES;
				GCC_WARN_UNUSED_VARIABLE = YES;
				IPHONEOS_DEPLOYMENT_TARGET = 16.0;
				MTL_ENABLE_DEBUG_INFO = NO;
				MTL_FAST_MATH = YES;
				SDKROOT = iphoneos;
				SWIFT_COMPILATION_MODE = wholemodule;
				SWIFT_OPTIMIZATION_LEVEL = "-O";
				VALIDATE_PRODUCT = YES;
			};
			name = Release;
		};
		CA08C0A628FED37500B002C6 /* Debug */ = {
			isa = XCBuildConfiguration;
			buildSettings = {
				ASSETCATALOG_COMPILER_APPICON_NAME = AppIcon;
				ASSETCATALOG_COMPILER_GLOBAL_ACCENT_COLOR_NAME = AccentColor;
				CODE_SIGN_STYLE = Automatic;
				CURRENT_PROJECT_VERSION = 1;
				DEVELOPMENT_ASSET_PATHS = "\"Monalisa/Preview Content\"";
				ENABLE_PREVIEWS = YES;
				GENERATE_INFOPLIST_FILE = YES;
				INFOPLIST_KEY_UIApplicationSceneManifest_Generation = YES;
				INFOPLIST_KEY_UIApplicationSupportsIndirectInputEvents = YES;
				INFOPLIST_KEY_UILaunchScreen_Generation = YES;
				INFOPLIST_KEY_UISupportedInterfaceOrientations_iPad = "UIInterfaceOrientationPortrait UIInterfaceOrientationPortraitUpsideDown UIInterfaceOrientationLandscapeLeft UIInterfaceOrientationLandscapeRight";
				INFOPLIST_KEY_UISupportedInterfaceOrientations_iPhone = "UIInterfaceOrientationPortrait UIInterfaceOrientationLandscapeLeft UIInterfaceOrientationLandscapeRight";
				LD_RUNPATH_SEARCH_PATHS = (
					"$(inherited)",
					"@executable_path/Frameworks",
				);
				MARKETING_VERSION = 1.0;
				PRODUCT_BUNDLE_IDENTIFIER = br.com.elimendes.Monalisa;
				PRODUCT_NAME = "$(TARGET_NAME)";
				SWIFT_EMIT_LOC_STRINGS = YES;
				SWIFT_VERSION = 5.0;
				TARGETED_DEVICE_FAMILY = "1,2";
			};
			name = Debug;
		};
		CA08C0A728FED37500B002C6 /* Release */ = {
			isa = XCBuildConfiguration;
			buildSettings = {
				ASSETCATALOG_COMPILER_APPICON_NAME = AppIcon;
				ASSETCATALOG_COMPILER_GLOBAL_ACCENT_COLOR_NAME = AccentColor;
				CODE_SIGN_STYLE = Automatic;
				CURRENT_PROJECT_VERSION = 1;
				DEVELOPMENT_ASSET_PATHS = "\"Monalisa/Preview Content\"";
				ENABLE_PREVIEWS = YES;
				GENERATE_INFOPLIST_FILE = YES;
				INFOPLIST_KEY_UIApplicationSceneManifest_Generation = YES;
				INFOPLIST_KEY_UIApplicationSupportsIndirectInputEvents = YES;
				INFOPLIST_KEY_UILaunchScreen_Generation = YES;
				INFOPLIST_KEY_UISupportedInterfaceOrientations_iPad = "UIInterfaceOrientationPortrait UIInterfaceOrientationPortraitUpsideDown UIInterfaceOrientationLandscapeLeft UIInterfaceOrientationLandscapeRight";
				INFOPLIST_KEY_UISupportedInterfaceOrientations_iPhone = "UIInterfaceOrientationPortrait UIInterfaceOrientationLandscapeLeft UIInterfaceOrientationLandscapeRight";
				LD_RUNPATH_SEARCH_PATHS = (
					"$(inherited)",
					"@executable_path/Frameworks",
				);
				MARKETING_VERSION = 1.0;
				PRODUCT_BUNDLE_IDENTIFIER = br.com.elimendes.Monalisa;
				PRODUCT_NAME = "$(TARGET_NAME)";
				SWIFT_EMIT_LOC_STRINGS = YES;
				SWIFT_VERSION = 5.0;
				TARGETED_DEVICE_FAMILY = "1,2";
			};
			name = Release;
		};
		CA08C0A928FED37500B002C6 /* Debug */ = {
			isa = XCBuildConfiguration;
			buildSettings = {
				ALWAYS_EMBED_SWIFT_STANDARD_LIBRARIES = YES;
				BUNDLE_LOADER = "$(TEST_HOST)";
				CODE_SIGN_STYLE = Automatic;
				CURRENT_PROJECT_VERSION = 1;
				GENERATE_INFOPLIST_FILE = YES;
				IPHONEOS_DEPLOYMENT_TARGET = 16.0;
				MARKETING_VERSION = 1.0;
				PRODUCT_BUNDLE_IDENTIFIER = br.com.elimendes.MonalisaTests;
				PRODUCT_NAME = "$(TARGET_NAME)";
				SWIFT_EMIT_LOC_STRINGS = NO;
				SWIFT_VERSION = 5.0;
				TARGETED_DEVICE_FAMILY = "1,2";
				TEST_HOST = "$(BUILT_PRODUCTS_DIR)/Monalisa.app/$(BUNDLE_EXECUTABLE_FOLDER_PATH)/Monalisa";
			};
			name = Debug;
		};
		CA08C0AA28FED37500B002C6 /* Release */ = {
			isa = XCBuildConfiguration;
			buildSettings = {
				ALWAYS_EMBED_SWIFT_STANDARD_LIBRARIES = YES;
				BUNDLE_LOADER = "$(TEST_HOST)";
				CODE_SIGN_STYLE = Automatic;
				CURRENT_PROJECT_VERSION = 1;
				GENERATE_INFOPLIST_FILE = YES;
				IPHONEOS_DEPLOYMENT_TARGET = 16.0;
				MARKETING_VERSION = 1.0;
				PRODUCT_BUNDLE_IDENTIFIER = br.com.elimendes.MonalisaTests;
				PRODUCT_NAME = "$(TARGET_NAME)";
				SWIFT_EMIT_LOC_STRINGS = NO;
				SWIFT_VERSION = 5.0;
				TARGETED_DEVICE_FAMILY = "1,2";
				TEST_HOST = "$(BUILT_PRODUCTS_DIR)/Monalisa.app/$(BUNDLE_EXECUTABLE_FOLDER_PATH)/Monalisa";
			};
			name = Release;
		};
		CA08C0AC28FED37500B002C6 /* Debug */ = {
			isa = XCBuildConfiguration;
			buildSettings = {
				ALWAYS_EMBED_SWIFT_STANDARD_LIBRARIES = YES;
				CODE_SIGN_STYLE = Automatic;
				CURRENT_PROJECT_VERSION = 1;
				GENERATE_INFOPLIST_FILE = YES;
				MARKETING_VERSION = 1.0;
				PRODUCT_BUNDLE_IDENTIFIER = br.com.elimendes.MonalisaUITests;
				PRODUCT_NAME = "$(TARGET_NAME)";
				SWIFT_EMIT_LOC_STRINGS = NO;
				SWIFT_VERSION = 5.0;
				TARGETED_DEVICE_FAMILY = "1,2";
				TEST_TARGET_NAME = Monalisa;
			};
			name = Debug;
		};
		CA08C0AD28FED37500B002C6 /* Release */ = {
			isa = XCBuildConfiguration;
			buildSettings = {
				ALWAYS_EMBED_SWIFT_STANDARD_LIBRARIES = YES;
				CODE_SIGN_STYLE = Automatic;
				CURRENT_PROJECT_VERSION = 1;
				GENERATE_INFOPLIST_FILE = YES;
				MARKETING_VERSION = 1.0;
				PRODUCT_BUNDLE_IDENTIFIER = br.com.elimendes.MonalisaUITests;
				PRODUCT_NAME = "$(TARGET_NAME)";
				SWIFT_EMIT_LOC_STRINGS = NO;
				SWIFT_VERSION = 5.0;
				TARGETED_DEVICE_FAMILY = "1,2";
				TEST_TARGET_NAME = Monalisa;
			};
			name = Release;
		};
/* End XCBuildConfiguration section */

/* Begin XCConfigurationList section */
		CA08C07C28FED37300B002C6 /* Build configuration list for PBXProject "Monalisa" */ = {
			isa = XCConfigurationList;
			buildConfigurations = (
				CA08C0A328FED37500B002C6 /* Debug */,
				CA08C0A428FED37500B002C6 /* Release */,
			);
			defaultConfigurationIsVisible = 0;
			defaultConfigurationName = Release;
		};
		CA08C0A528FED37500B002C6 /* Build configuration list for PBXNativeTarget "Monalisa" */ = {
			isa = XCConfigurationList;
			buildConfigurations = (
				CA08C0A628FED37500B002C6 /* Debug */,
				CA08C0A728FED37500B002C6 /* Release */,
			);
			defaultConfigurationIsVisible = 0;
			defaultConfigurationName = Release;
		};
		CA08C0A828FED37500B002C6 /* Build configuration list for PBXNativeTarget "MonalisaTests" */ = {
			isa = XCConfigurationList;
			buildConfigurations = (
				CA08C0A928FED37500B002C6 /* Debug */,
				CA08C0AA28FED37500B002C6 /* Release */,
			);
			defaultConfigurationIsVisible = 0;
			defaultConfigurationName = Release;
		};
		CA08C0AB28FED37500B002C6 /* Build configuration list for PBXNativeTarget "MonalisaUITests" */ = {
			isa = XCConfigurationList;
			buildConfigurations = (
				CA08C0AC28FED37500B002C6 /* Debug */,
				CA08C0AD28FED37500B002C6 /* Release */,
			);
			defaultConfigurationIsVisible = 0;
			defaultConfigurationName = Release;
		};
/* End XCConfigurationList section */
	};
	rootObject = CA08C07928FED37300B002C6 /* Project object */;
}
